
Microsoft Visual Studio Solution File, Format Version 12.00
Project("{FAE04EC0-301F-11D3-BF4B-00C04F79EFBC}") = "Errorka", "Errorka\Errorka.csproj", "{FDD9F8F2-1CF6-472F-900D-0EA4521ECC86}"
EndProject
Project("{FAE04EC0-301F-11D3-BF4B-00C04F79EFBC}") = "Errorka.Playground", "Errorka.Playground\Errorka.Playground.csproj", "{8FFD0DA4-D315-49CB-B61F-628B8DE474C5}"
EndProject
Project("{FAE04EC0-301F-11D3-BF4B-00C04F79EFBC}") = "Errorka.Concept", "Errorka.Concept\Errorka.Concept.csproj", "{E2A94468-B2EF-4567-BE08-DCD1527ECB1E}"
EndProject
Global
	GlobalSection(SolutionConfigurationPlatforms) = preSolution
		Debug|Any CPU = Debug|Any CPU
		Release|Any CPU = Release|Any CPU
	EndGlobalSection
	GlobalSection(ProjectConfigurationPlatforms) = postSolution
		{FDD9F8F2-1CF6-472F-900D-0EA4521ECC86}.Debug|Any CPU.ActiveCfg = Debug|Any CPU
		{FDD9F8F2-1CF6-472F-900D-0EA4521ECC86}.Debug|Any CPU.Build.0 = Debug|Any CPU
		{FDD9F8F2-1CF6-472F-900D-0EA4521ECC86}.Release|Any CPU.ActiveCfg = Release|Any CPU
		{FDD9F8F2-1CF6-472F-900D-0EA4521ECC86}.Release|Any CPU.Build.0 = Release|Any CPU
		{8FFD0DA4-D315-49CB-B61F-628B8DE474C5}.Debug|Any CPU.ActiveCfg = Debug|Any CPU
		{8FFD0DA4-D315-49CB-B61F-628B8DE474C5}.Debug|Any CPU.Build.0 = Debug|Any CPU
		{8FFD0DA4-D315-49CB-B61F-628B8DE474C5}.Release|Any CPU.ActiveCfg = Release|Any CPU
		{8FFD0DA4-D315-49CB-B61F-628B8DE474C5}.Release|Any CPU.Build.0 = Release|Any CPU
		{E2A94468-B2EF-4567-BE08-DCD1527ECB1E}.Debug|Any CPU.ActiveCfg = Debug|Any CPU
		{E2A94468-B2EF-4567-BE08-DCD1527ECB1E}.Debug|Any CPU.Build.0 = Debug|Any CPU
		{E2A94468-B2EF-4567-BE08-DCD1527ECB1E}.Release|Any CPU.ActiveCfg = Release|Any CPU
		{E2A94468-B2EF-4567-BE08-DCD1527ECB1E}.Release|Any CPU.Build.0 = Release|Any CPU
	EndGlobalSection
EndGlobal
